{
  "name": "shownotes",
  "version": "1.0.0",
  "lockfileVersion": 3,
  "requires": true,
  "packages": {
    "": {
      "name": "shownotes",
      "version": "1.0.0",
      "license": "ISC",
      "dependencies": {
        "@toptensoftware/moe-js": "^0.4.0",
        "inflection": "^3.0.0",
        "yaml": "^2.6.0"
      }
    },
    "node_modules/@toptensoftware/moe-js": {
      "version": "0.4.0",
      "resolved": "https://registry.npmjs.org/@toptensoftware/moe-js/-/moe-js-0.4.0.tgz",
      "integrity": "sha512-p/LnbD9BS1Cvjn0ml54NRKS3np56/Bm2OxHVy/I2VEOHz3xEaTbC6YgX3tZuf+PJ2QgzJppUVUmYrTm/bqlawQ==",
      "license": "Apache"
    },
    "node_modules/inflection": {
      "version": "3.0.0",
      "resolved": "https://registry.npmjs.org/inflection/-/inflection-3.0.0.tgz",
      "integrity": "sha512-1zEJU1l19SgJlmwqsEyFTbScw/tkMHFenUo//Y0i+XEP83gDFdMvPizAD/WGcE+l1ku12PcTVHQhO6g5E0UCMw==",
      "license": "MIT",
      "engines": {
        "node": ">=18.0.0"
      }
    },
    "node_modules/yaml": {
      "version": "2.6.0",
      "resolved": "https://registry.npmjs.org/yaml/-/yaml-2.6.0.tgz",
      "integrity": "sha512-a6ae//JvKDEra2kdi1qzCyrJW/WZCgFi8ydDV+eXExl95t+5R+ijnqHJbz9tmMh8FUjx3iv2fCQ4dclAQlO2UQ==",
      "license": "ISC",
      "bin": {
        "yaml": "bin.mjs"
      },
      "engines": {
        "node": ">= 14"
      }
    }
  }
}
